// !$*UTF8*$!
{
	archiveVersion = 1;
	classes = {
	};
	objectVersion = 46;
	objects = {

/* Begin PBXBuildFile section */
		15230D1A1CDAECAB00A9D82B /* AppIcons.xcassets in Resources */ = {isa = PBXBuildFile; fileRef = 15230D191CDAECAB00A9D82B /* AppIcons.xcassets */; };
		15EA28FD1CD396C000C678B6 /* main.m in Sources */ = {isa = PBXBuildFile; fileRef = 15EA28FC1CD396C000C678B6 /* main.m */; };
		15EA29001CD396C000C678B6 /* AppDelegate.m in Sources */ = {isa = PBXBuildFile; fileRef = 15EA28FF1CD396C000C678B6 /* AppDelegate.m */; };
		15EA29031CD396C000C678B6 /* RootViewController.m in Sources */ = {isa = PBXBuildFile; fileRef = 15EA29021CD396C000C678B6 /* RootViewController.m */; };
		15EA29081CD396C000C678B6 /* Assets.xcassets in Resources */ = {isa = PBXBuildFile; fileRef = 15EA29071CD396C000C678B6 /* Assets.xcassets */; };
		15EA290B1CD396C000C678B6 /* LaunchScreen.storyboard in Resources */ = {isa = PBXBuildFile; fileRef = 15EA29091CD396C000C678B6 /* LaunchScreen.storyboard */; };
		15EA29161CD396C000C678B6 /* TEST_RotateTests.m in Sources */ = {isa = PBXBuildFile; fileRef = 15EA29151CD396C000C678B6 /* TEST_RotateTests.m */; };
		15EA29211CD396C100C678B6 /* TEST_RotateUITests.m in Sources */ = {isa = PBXBuildFile; fileRef = 15EA29201CD396C100C678B6 /* TEST_RotateUITests.m */; };
		15EA29301CD3976600C678B6 /* PushedViewController.m in Sources */ = {isa = PBXBuildFile; fileRef = 15EA292F1CD3976600C678B6 /* PushedViewController.m */; };
		15EA29361CD398A900C678B6 /* SUBNavgationController.m in Sources */ = {isa = PBXBuildFile; fileRef = 15EA29351CD398A900C678B6 /* SUBNavgationController.m */; };
		15EA293C1CD46C7400C678B6 /* SUBTabBarController.m in Sources */ = {isa = PBXBuildFile; fileRef = 15EA293B1CD46C7400C678B6 /* SUBTabBarController.m */; };
/* End PBXBuildFile section */

/* Begin PBXContainerItemProxy section */
		15EA29121CD396C000C678B6 /* PBXContainerItemProxy */ = {
			isa = PBXContainerItemProxy;
			containerPortal = 15EA28F01CD396C000C678B6 /* Project object */;
			proxyType = 1;
			remoteGlobalIDString = 15EA28F71CD396C000C678B6;
			remoteInfo = TEST_Rotate;
		};
		15EA291D1CD396C100C678B6 /* PBXContainerItemProxy */ = {
			isa = PBXContainerItemProxy;
			containerPortal = 15EA28F01CD396C000C678B6 /* Project object */;
			proxyType = 1;
			remoteGlobalIDString = 15EA28F71CD396C000C678B6;
			remoteInfo = TEST_Rotate;
		};
/* End PBXContainerItemProxy section */

/* Begin PBXCopyFilesBuildPhase section */
		15CD56541CD657A60033CA0A /* Embed App Extensions */ = {
			isa = PBXCopyFilesBuildPhase;
			buildActionMask = 2147483647;
			dstPath = "";
			dstSubfolderSpec = 13;
			files = (
			);
			name = "Embed App Extensions";
			runOnlyForDeploymentPostprocessing = 0;
		};
/* End PBXCopyFilesBuildPhase section */

/* Begin PBXFileReference section */
		15230D191CDAECAB00A9D82B /* AppIcons.xcassets */ = {isa = PBXFileReference; lastKnownFileType = folder.assetcatalog; path = AppIcons.xcassets; sourceTree = "<group>"; };
		15CD56441CD657A60033CA0A /* NotificationCenter.framework */ = {isa = PBXFileReference; lastKnownFileType = wrapper.framework; name = NotificationCenter.framework; path = System/Library/Frameworks/NotificationCenter.framework; sourceTree = SDKROOT; };
		15EA28F81CD396C000C678B6 /* TEST_Rotate.app */ = {isa = PBXFileReference; explicitFileType = wrapper.application; includeInIndex = 0; path = TEST_Rotate.app; sourceTree = BUILT_PRODUCTS_DIR; };
		15EA28FC1CD396C000C678B6 /* main.m */ = {isa = PBXFileReference; lastKnownFileType = sourcecode.c.objc; path = main.m; sourceTree = "<group>"; };
		15EA28FE1CD396C000C678B6 /* AppDelegate.h */ = {isa = PBXFileReference; lastKnownFileType = sourcecode.c.h; path = AppDelegate.h; sourceTree = "<group>"; };
		15EA28FF1CD396C000C678B6 /* AppDelegate.m */ = {isa = PBXFileReference; lastKnownFileType = sourcecode.c.objc; path = AppDelegate.m; sourceTree = "<group>"; };
		15EA29011CD396C000C678B6 /* RootViewController.h */ = {isa = PBXFileReference; lastKnownFileType = sourcecode.c.h; path = RootViewController.h; sourceTree = "<group>"; };
		15EA29021CD396C000C678B6 /* RootViewController.m */ = {isa = PBXFileReference; lastKnownFileType = sourcecode.c.objc; path = RootViewController.m; sourceTree = "<group>"; };
		15EA29071CD396C000C678B6 /* Assets.xcassets */ = {isa = PBXFileReference; lastKnownFileType = folder.assetcatalog; path = Assets.xcassets; sourceTree = "<group>"; };
		15EA290A1CD396C000C678B6 /* Base */ = {isa = PBXFileReference; lastKnownFileType = file.storyboard; name = Base; path = Base.lproj/LaunchScreen.storyboard; sourceTree = "<group>"; };
		15EA290C1CD396C000C678B6 /* Info.plist */ = {isa = PBXFileReference; lastKnownFileType = text.plist.xml; path = Info.plist; sourceTree = "<group>"; };
		15EA29111CD396C000C678B6 /* TEST_RotateTests.xctest */ = {isa = PBXFileReference; explicitFileType = wrapper.cfbundle; includeInIndex = 0; path = TEST_RotateTests.xctest; sourceTree = BUILT_PRODUCTS_DIR; };
		15EA29151CD396C000C678B6 /* TEST_RotateTests.m */ = {isa = PBXFileReference; lastKnownFileType = sourcecode.c.objc; path = TEST_RotateTests.m; sourceTree = "<group>"; };
		15EA29171CD396C100C678B6 /* Info.plist */ = {isa = PBXFileReference; lastKnownFileType = text.plist.xml; path = Info.plist; sourceTree = "<group>"; };
		15EA291C1CD396C100C678B6 /* TEST_RotateUITests.xctest */ = {isa = PBXFileReference; explicitFileType = wrapper.cfbundle; includeInIndex = 0; path = TEST_RotateUITests.xctest; sourceTree = BUILT_PRODUCTS_DIR; };
		15EA29201CD396C100C678B6 /* TEST_RotateUITests.m */ = {isa = PBXFileReference; lastKnownFileType = sourcecode.c.objc; path = TEST_RotateUITests.m; sourceTree = "<group>"; };
		15EA29221CD396C100C678B6 /* Info.plist */ = {isa = PBXFileReference; lastKnownFileType = text.plist.xml; path = Info.plist; sourceTree = "<group>"; };
		15EA292E1CD3976600C678B6 /* PushedViewController.h */ = {isa = PBXFileReference; fileEncoding = 4; lastKnownFileType = sourcecode.c.h; path = PushedViewController.h; sourceTree = "<group>"; };
		15EA292F1CD3976600C678B6 /* PushedViewController.m */ = {isa = PBXFileReference; fileEncoding = 4; lastKnownFileType = sourcecode.c.objc; path = PushedViewController.m; sourceTree = "<group>"; };
		15EA29341CD398A900C678B6 /* SUBNavgationController.h */ = {isa = PBXFileReference; fileEncoding = 4; lastKnownFileType = sourcecode.c.h; path = SUBNavgationController.h; sourceTree = "<group>"; };
		15EA29351CD398A900C678B6 /* SUBNavgationController.m */ = {isa = PBXFileReference; fileEncoding = 4; lastKnownFileType = sourcecode.c.objc; path = SUBNavgationController.m; sourceTree = "<group>"; };
		15EA293A1CD46C7400C678B6 /* SUBTabBarController.h */ = {isa = PBXFileReference; fileEncoding = 4; lastKnownFileType = sourcecode.c.h; path = SUBTabBarController.h; sourceTree = "<group>"; };
		15EA293B1CD46C7400C678B6 /* SUBTabBarController.m */ = {isa = PBXFileReference; fileEncoding = 4; lastKnownFileType = sourcecode.c.objc; path = SUBTabBarController.m; sourceTree = "<group>"; };
/* End PBXFileReference section */

/* Begin PBXFrameworksBuildPhase section */
		15EA28F51CD396C000C678B6 /* Frameworks */ = {
			isa = PBXFrameworksBuildPhase;
			buildActionMask = 2147483647;
			files = (
			);
			runOnlyForDeploymentPostprocessing = 0;
		};
		15EA290E1CD396C000C678B6 /* Frameworks */ = {
			isa = PBXFrameworksBuildPhase;
			buildActionMask = 2147483647;
			files = (
			);
			runOnlyForDeploymentPostprocessing = 0;
		};
		15EA29191CD396C100C678B6 /* Frameworks */ = {
			isa = PBXFrameworksBuildPhase;
			buildActionMask = 2147483647;
			files = (
			);
			runOnlyForDeploymentPostprocessing = 0;
		};
/* End PBXFrameworksBuildPhase section */

/* Begin PBXGroup section */
		15CD56431CD657A60033CA0A /* Frameworks */ = {
			isa = PBXGroup;
			children = (
				15CD56441CD657A60033CA0A /* NotificationCenter.framework */,
			);
			name = Frameworks;
			sourceTree = "<group>";
		};
		15EA28EF1CD396C000C678B6 = {
			isa = PBXGroup;
			children = (
				15EA28FA1CD396C000C678B6 /* TEST_Rotate */,
				15EA29141CD396C000C678B6 /* TEST_RotateTests */,
				15EA291F1CD396C100C678B6 /* TEST_RotateUITests */,
				15CD56431CD657A60033CA0A /* Frameworks */,
				15EA28F91CD396C000C678B6 /* Products */,
			);
			sourceTree = "<group>";
		};
		15EA28F91CD396C000C678B6 /* Products */ = {
			isa = PBXGroup;
			children = (
				15EA28F81CD396C000C678B6 /* TEST_Rotate.app */,
				15EA29111CD396C000C678B6 /* TEST_RotateTests.xctest */,
				15EA291C1CD396C100C678B6 /* TEST_RotateUITests.xctest */,
			);
			name = Products;
			sourceTree = "<group>";
		};
		15EA28FA1CD396C000C678B6 /* TEST_Rotate */ = {
			isa = PBXGroup;
			children = (
				15EA28FE1CD396C000C678B6 /* AppDelegate.h */,
				15EA28FF1CD396C000C678B6 /* AppDelegate.m */,
				15EA293A1CD46C7400C678B6 /* SUBTabBarController.h */,
				15EA293B1CD46C7400C678B6 /* SUBTabBarController.m */,
				15EA29341CD398A900C678B6 /* SUBNavgationController.h */,
				15EA29351CD398A900C678B6 /* SUBNavgationController.m */,
				15EA29011CD396C000C678B6 /* RootViewController.h */,
				15EA29021CD396C000C678B6 /* RootViewController.m */,
				15EA292E1CD3976600C678B6 /* PushedViewController.h */,
				15EA292F1CD3976600C678B6 /* PushedViewController.m */,
				15230D191CDAECAB00A9D82B /* AppIcons.xcassets */,
				15EA29071CD396C000C678B6 /* Assets.xcassets */,
				15EA29091CD396C000C678B6 /* LaunchScreen.storyboard */,
				15EA290C1CD396C000C678B6 /* Info.plist */,
				15EA28FB1CD396C000C678B6 /* Supporting Files */,
			);
			path = TEST_Rotate;
			sourceTree = "<group>";
		};
		15EA28FB1CD396C000C678B6 /* Supporting Files */ = {
			isa = PBXGroup;
			children = (
				15EA28FC1CD396C000C678B6 /* main.m */,
			);
			name = "Supporting Files";
			sourceTree = "<group>";
		};
		15EA29141CD396C000C678B6 /* TEST_RotateTests */ = {
			isa = PBXGroup;
			children = (
				15EA29151CD396C000C678B6 /* TEST_RotateTests.m */,
				15EA29171CD396C100C678B6 /* Info.plist */,
			);
			path = TEST_RotateTests;
			sourceTree = "<group>";
		};
		15EA291F1CD396C100C678B6 /* TEST_RotateUITests */ = {
			isa = PBXGroup;
			children = (
				15EA29201CD396C100C678B6 /* TEST_RotateUITests.m */,
				15EA29221CD396C100C678B6 /* Info.plist */,
			);
			path = TEST_RotateUITests;
			sourceTree = "<group>";
		};
/* End PBXGroup section */

/* Begin PBXNativeTarget section */
		15EA28F71CD396C000C678B6 /* TEST_Rotate */ = {
			isa = PBXNativeTarget;
			buildConfigurationList = 15EA29251CD396C100C678B6 /* Build configuration list for PBXNativeTarget "TEST_Rotate" */;
			buildPhases = (
				15EA28F41CD396C000C678B6 /* Sources */,
				15EA28F51CD396C000C678B6 /* Frameworks */,
				15EA28F61CD396C000C678B6 /* Resources */,
				15CD56541CD657A60033CA0A /* Embed App Extensions */,
			);
			buildRules = (
			);
			dependencies = (
			);
			name = TEST_Rotate;
			productName = TEST_Rotate;
			productReference = 15EA28F81CD396C000C678B6 /* TEST_Rotate.app */;
			productType = "com.apple.product-type.application";
		};
		15EA29101CD396C000C678B6 /* TEST_RotateTests */ = {
			isa = PBXNativeTarget;
			buildConfigurationList = 15EA29281CD396C100C678B6 /* Build configuration list for PBXNativeTarget "TEST_RotateTests" */;
			buildPhases = (
				15EA290D1CD396C000C678B6 /* Sources */,
				15EA290E1CD396C000C678B6 /* Frameworks */,
				15EA290F1CD396C000C678B6 /* Resources */,
			);
			buildRules = (
			);
			dependencies = (
				15EA29131CD396C000C678B6 /* PBXTargetDependency */,
			);
			name = TEST_RotateTests;
			productName = TEST_RotateTests;
			productReference = 15EA29111CD396C000C678B6 /* TEST_RotateTests.xctest */;
			productType = "com.apple.product-type.bundle.unit-test";
		};
		15EA291B1CD396C100C678B6 /* TEST_RotateUITests */ = {
			isa = PBXNativeTarget;
			buildConfigurationList = 15EA292B1CD396C100C678B6 /* Build configuration list for PBXNativeTarget "TEST_RotateUITests" */;
			buildPhases = (
				15EA29181CD396C100C678B6 /* Sources */,
				15EA29191CD396C100C678B6 /* Frameworks */,
				15EA291A1CD396C100C678B6 /* Resources */,
			);
			buildRules = (
			);
			dependencies = (
				15EA291E1CD396C100C678B6 /* PBXTargetDependency */,
			);
			name = TEST_RotateUITests;
			productName = TEST_RotateUITests;
			productReference = 15EA291C1CD396C100C678B6 /* TEST_RotateUITests.xctest */;
			productType = "com.apple.product-type.bundle.ui-testing";
		};
/* End PBXNativeTarget section */

/* Begin PBXProject section */
		15EA28F01CD396C000C678B6 /* Project object */ = {
			isa = PBXProject;
			attributes = {
				LastUpgradeCheck = 0730;
				ORGANIZATIONNAME = "dianyi jiang";
				TargetAttributes = {
					15EA28F71CD396C000C678B6 = {
						CreatedOnToolsVersion = 7.3;
						DevelopmentTeam = FVKELWDUGE;
					};
					15EA29101CD396C000C678B6 = {
						CreatedOnToolsVersion = 7.3;
						TestTargetID = 15EA28F71CD396C000C678B6;
					};
					15EA291B1CD396C100C678B6 = {
						CreatedOnToolsVersion = 7.3;
						TestTargetID = 15EA28F71CD396C000C678B6;
					};
				};
			};
			buildConfigurationList = 15EA28F31CD396C000C678B6 /* Build configuration list for PBXProject "TEST_Rotate" */;
			compatibilityVersion = "Xcode 3.2";
			developmentRegion = English;
			hasScannedForEncodings = 0;
			knownRegions = (
				en,
				Base,
			);
			mainGroup = 15EA28EF1CD396C000C678B6;
			productRefGroup = 15EA28F91CD396C000C678B6 /* Products */;
			projectDirPath = "";
			projectRoot = "";
			targets = (
				15EA28F71CD396C000C678B6 /* TEST_Rotate */,
				15EA29101CD396C000C678B6 /* TEST_RotateTests */,
				15EA291B1CD396C100C678B6 /* TEST_RotateUITests */,
			);
		};
/* End PBXProject section */

/* Begin PBXResourcesBuildPhase section */
		15EA28F61CD396C000C678B6 /* Resources */ = {
			isa = PBXResourcesBuildPhase;
			buildActionMask = 2147483647;
			files = (
				15230D1A1CDAECAB00A9D82B /* AppIcons.xcassets in Resources */,
				15EA290B1CD396C000C678B6 /* LaunchScreen.storyboard in Resources */,
				15EA29081CD396C000C678B6 /* Assets.xcassets in Resources */,
			);
			runOnlyForDeploymentPostprocessing = 0;
		};
		15EA290F1CD396C000C678B6 /* Resources */ = {
			isa = PBXResourcesBuildPhase;
			buildActionMask = 2147483647;
			files = (
			);
			runOnlyForDeploymentPostprocessing = 0;
		};
		15EA291A1CD396C100C678B6 /* Resources */ = {
			isa = PBXResourcesBuildPhase;
			buildActionMask = 2147483647;
			files = (
			);
			runOnlyForDeploymentPostprocessing = 0;
		};
/* End PBXResourcesBuildPhase section */

/* Begin PBXSourcesBuildPhase section */
		15EA28F41CD396C000C678B6 /* Sources */ = {
			isa = PBXSourcesBuildPhase;
			buildActionMask = 2147483647;
			files = (
				15EA29301CD3976600C678B6 /* PushedViewController.m in Sources */,
				15EA29031CD396C000C678B6 /* RootViewController.m in Sources */,
				15EA29001CD396C000C678B6 /* AppDelegate.m in Sources */,
				15EA28FD1CD396C000C678B6 /* main.m in Sources */,
				15EA29361CD398A900C678B6 /* SUBNavgationController.m in Sources */,
				15EA293C1CD46C7400C678B6 /* SUBTabBarController.m in Sources */,
			);
			runOnlyForDeploymentPostprocessing = 0;
		};
		15EA290D1CD396C000C678B6 /* Sources */ = {
			isa = PBXSourcesBuildPhase;
			buildActionMask = 2147483647;
			files = (
				15EA29161CD396C000C678B6 /* TEST_RotateTests.m in Sources */,
			);
			runOnlyForDeploymentPostprocessing = 0;
		};
		15EA29181CD396C100C678B6 /* Sources */ = {
			isa = PBXSourcesBuildPhase;
			buildActionMask = 2147483647;
			files = (
				15EA29211CD396C100C678B6 /* TEST_RotateUITests.m in Sources */,
			);
			runOnlyForDeploymentPostprocessing = 0;
		};
/* End PBXSourcesBuildPhase section */

/* Begin PBXTargetDependency section */
		15EA29131CD396C000C678B6 /* PBXTargetDependency */ = {
			isa = PBXTargetDependency;
			target = 15EA28F71CD396C000C678B6 /* TEST_Rotate */;
			targetProxy = 15EA29121CD396C000C678B6 /* PBXContainerItemProxy */;
		};
		15EA291E1CD396C100C678B6 /* PBXTargetDependency */ = {
			isa = PBXTargetDependency;
			target = 15EA28F71CD396C000C678B6 /* TEST_Rotate */;
			targetProxy = 15EA291D1CD396C100C678B6 /* PBXContainerItemProxy */;
		};
/* End PBXTargetDependency section */

/* Begin PBXVariantGroup section */
		15EA29091CD396C000C678B6 /* LaunchScreen.storyboard */ = {
			isa = PBXVariantGroup;
			children = (
				15EA290A1CD396C000C678B6 /* Base */,
			);
			name = LaunchScreen.storyboard;
			sourceTree = "<group>";
		};
/* End PBXVariantGroup section */

/* Begin XCBuildConfiguration section */
		15EA29231CD396C100C678B6 /* Debug */ = {
			isa = XCBuildConfiguration;
			buildSettings = {
				ALWAYS_SEARCH_USER_PATHS = NO;
				CLANG_ANALYZER_NONNULL = YES;
				CLANG_CXX_LANGUAGE_STANDARD = "gnu++0x";
				CLANG_CXX_LIBRARY = "libc++";
				CLANG_ENABLE_MODULES = YES;
				CLANG_ENABLE_OBJC_ARC = YES;
				CLANG_WARN_BOOL_CONVERSION = YES;
				CLANG_WARN_CONSTANT_CONVERSION = YES;
				CLANG_WARN_DIRECT_OBJC_ISA_USAGE = YES_ERROR;
				CLANG_WARN_EMPTY_BODY = YES;
				CLANG_WARN_ENUM_CONVERSION = YES;
				CLANG_WARN_INT_CONVERSION = YES;
				CLANG_WARN_OBJC_ROOT_CLASS = YES_ERROR;
				CLANG_WARN_UNREACHABLE_CODE = YES;
				CLANG_WARN__DUPLICATE_METHOD_MATCH = YES;
				"CODE_SIGN_IDENTITY[sdk=iphoneos*]" = "iPhone Developer";
				COPY_PHASE_STRIP = NO;
				DEBUG_INFORMATION_FORMAT = dwarf;
				ENABLE_STRICT_OBJC_MSGSEND = YES;
				ENABLE_TESTABILITY = YES;
				GCC_C_LANGUAGE_STANDARD = gnu99;
				GCC_DYNAMIC_NO_PIC = NO;
				GCC_NO_COMMON_BLOCKS = YES;
				GCC_OPTIMIZATION_LEVEL = 0;
				GCC_PREPROCESSOR_DEFINITIONS = (
					"DEBUG=1",
					"$(inherited)",
				);
				GCC_WARN_64_TO_32_BIT_CONVERSION = YES;
				GCC_WARN_ABOUT_RETURN_TYPE = YES_ERROR;
				GCC_WARN_UNDECLARED_SELECTOR = YES;
				GCC_WARN_UNINITIALIZED_AUTOS = YES_AGGRESSIVE;
				GCC_WARN_UNUSED_FUNCTION = YES;
				GCC_WARN_UNUSED_VARIABLE = YES;
				IPHONEOS_DEPLOYMENT_TARGET = 7.0;
				MTL_ENABLE_DEBUG_INFO = YES;
				ONLY_ACTIVE_ARCH = YES;
				SDKROOT = iphoneos;
				TARGETED_DEVICE_FAMILY = "1,2";
			};
			name = Debug;
		};
		15EA29241CD396C100C678B6 /* Release */ = {
			isa = XCBuildConfiguration;
			buildSettings = {
				ALWAYS_SEARCH_USER_PATHS = NO;
				CLANG_ANALYZER_NONNULL = YES;
				CLANG_CXX_LANGUAGE_STANDARD = "gnu++0x";
				CLANG_CXX_LIBRARY = "libc++";
				CLANG_ENABLE_MODULES = YES;
				CLANG_ENABLE_OBJC_ARC = YES;
				CLANG_WARN_BOOL_CONVERSION = YES;
				CLANG_WARN_CONSTANT_CONVERSION = YES;
				CLANG_WARN_DIRECT_OBJC_ISA_USAGE = YES_ERROR;
				CLANG_WARN_EMPTY_BODY = YES;
				CLANG_WARN_ENUM_CONVERSION = YES;
				CLANG_WARN_INT_CONVERSION = YES;
				CLANG_WARN_OBJC_ROOT_CLASS = YES_ERROR;
				CLANG_WARN_UNREACHABLE_CODE = YES;
				CLANG_WARN__DUPLICATE_METHOD_MATCH = YES;
				"CODE_SIGN_IDENTITY[sdk=iphoneos*]" = "iPhone Developer";
				COPY_PHASE_STRIP = NO;
				DEBUG_INFORMATION_FORMAT = "dwarf-with-dsym";
				ENABLE_NS_ASSERTIONS = NO;
				ENABLE_STRICT_OBJC_MSGSEND = YES;
				GCC_C_LANGUAGE_STANDARD = gnu99;
				GCC_NO_COMMON_BLOCKS = YES;
				GCC_WARN_64_TO_32_BIT_CONVERSION = YES;
				GCC_WARN_ABOUT_RETURN_TYPE = YES_ERROR;
				GCC_WARN_UNDECLARED_SELECTOR = YES;
				GCC_WARN_UNINITIALIZED_AUTOS = YES_AGGRESSIVE;
				GCC_WARN_UNUSED_FUNCTION = YES;
				GCC_WARN_UNUSED_VARIABLE = YES;
				IPHONEOS_DEPLOYMENT_TARGET = 7.0;
				MTL_ENABLE_DEBUG_INFO = NO;
				SDKROOT = iphoneos;
				TARGETED_DEVICE_FAMILY = "1,2";
				VALIDATE_PRODUCT = YES;
			};
			name = Release;
		};
		15EA29261CD396C100C678B6 /* Debug */ = {
			isa = XCBuildConfiguration;
			buildSettings = {
				ASSETCATALOG_COMPILER_APPICON_NAME = AppIcon;
				ASSETCATALOG_COMPILER_LAUNCHIMAGE_NAME = LaunchImage;
				CODE_SIGN_IDENTITY = "iPhone Developer";
				"CODE_SIGN_IDENTITY[sdk=iphoneos*]" = "iPhone Developer";
				INFOPLIST_FILE = TEST_Rotate/Info.plist;
				IPHONEOS_DEPLOYMENT_TARGET = 7.0;
				LD_RUNPATH_SEARCH_PATHS = "$(inherited) @executable_path/Frameworks";
				PRODUCT_BUNDLE_IDENTIFIER = com.zytec.TEST;
				PRODUCT_NAME = "$(TARGET_NAME)";
				PROVISIONING_PROFILE = "";
			};
			name = Debug;
		};
		15EA29271CD396C100C678B6 /* Release */ = {
			isa = XCBuildConfiguration;
			buildSettings = {
				ASSETCATALOG_COMPILER_APPICON_NAME = AppIcon;
				ASSETCATALOG_COMPILER_LAUNCHIMAGE_NAME = LaunchImage;
				CODE_SIGN_IDENTITY = "iPhone Developer";
				"CODE_SIGN_IDENTITY[sdk=iphoneos*]" = "iPhone Developer";
				INFOPLIST_FILE = TEST_Rotate/Info.plist;
				IPHONEOS_DEPLOYMENT_TARGET = 7.0;
				LD_RUNPATH_SEARCH_PATHS = "$(inherited) @executable_path/Frameworks";
				PRODUCT_BUNDLE_IDENTIFIER = com.zytec.TEST;
				PRODUCT_NAME = "$(TARGET_NAME)";
				PROVISIONING_PROFILE = "";
			};
			name = Release;
		};
		15EA29291CD396C100C678B6 /* Debug */ = {
			isa = XCBuildConfiguration;
			buildSettings = {
				BUNDLE_LOADER = "$(TEST_HOST)";
				INFOPLIST_FILE = TEST_RotateTests/Info.plist;
				LD_RUNPATH_SEARCH_PATHS = "$(inherited) @executable_path/Frameworks @loader_path/Frameworks";
				PRODUCT_BUNDLE_IDENTIFIER = "com.zytec.TEST-RotateTests";
				PRODUCT_NAME = "$(TARGET_NAME)";
				TEST_HOST = "$(BUILT_PRODUCTS_DIR)/TEST_Rotate.app/TEST_Rotate";
			};
			name = Debug;
		};
		15EA292A1CD396C100C678B6 /* Release */ = {
			isa = XCBuildConfiguration;
			buildSettings = {
				BUNDLE_LOADER = "$(TEST_HOST)";
				INFOPLIST_FILE = TEST_RotateTests/Info.plist;
				LD_RUNPATH_SEARCH_PATHS = "$(inherited) @executable_path/Frameworks @loader_path/Frameworks";
				PRODUCT_BUNDLE_IDENTIFIER = "com.zytec.TEST-RotateTests";
				PRODUCT_NAME = "$(TARGET_NAME)";
				TEST_HOST = "$(BUILT_PRODUCTS_DIR)/TEST_Rotate.app/TEST_Rotate";
			};
			name = Release;
		};
		15EA292C1CD396C100C678B6 /* Debug */ = {
			isa = XCBuildConfiguration;
			buildSettings = {
				INFOPLIST_FILE = TEST_RotateUITests/Info.plist;
				LD_RUNPATH_SEARCH_PATHS = "$(inherited) @executable_path/Frameworks @loader_path/Frameworks";
				PRODUCT_BUNDLE_IDENTIFIER = "com.zytec.TEST-RotateUITests";
				PRODUCT_NAME = "$(TARGET_NAME)";
				TEST_TARGET_NAME = TEST_Rotate;
			};
			name = Debug;
		};
		15EA292D1CD396C100C678B6 /* Release */ = {
			isa = XCBuildConfiguration;
			buildSettings = {
				INFOPLIST_FILE = TEST_RotateUITests/Info.plist;
				LD_RUNPATH_SEARCH_PATHS = "$(inherited) @executable_path/Frameworks @loader_path/Frameworks";
				PRODUCT_BUNDLE_IDENTIFIER = "com.zytec.TEST-RotateUITests";
				PRODUCT_NAME = "$(TARGET_NAME)";
				TEST_TARGET_NAME = TEST_Rotate;
			};
			name = Release;
		};
/* End XCBuildConfiguration section */

/* Begin XCConfigurationList section */
		15EA28F31CD396C000C678B6 /* Build configuration list for PBXProject "TEST_Rotate" */ = {
			isa = XCConfigurationList;
			buildConfigurations = (
				15EA29231CD396C100C678B6 /* Debug */,
				15EA29241CD396C100C678B6 /* Release */,
			);
			defaultConfigurationIsVisible = 0;
			defaultConfigurationName = Release;
		};
		15EA29251CD396C100C678B6 /* Build configuration list for PBXNativeTarget "TEST_Rotate" */ = {
			isa = XCConfigurationList;
			buildConfigurations = (
				15EA29261CD396C100C678B6 /* Debug */,
				15EA29271CD396C100C678B6 /* Release */,
			);
			defaultConfigurationIsVisible = 0;
			defaultConfigurationName = Release;
		};
		15EA29281CD396C100C678B6 /* Build configuration list for PBXNativeTarget "TEST_RotateTests" */ = {
			isa = XCConfigurationList;
			buildConfigurations = (
				15EA29291CD396C100C678B6 /* Debug */,
				15EA292A1CD396C100C678B6 /* Release */,
			);
			defaultConfigurationIsVisible = 0;
			defaultConfigurationName = Release;
		};
		15EA292B1CD396C100C678B6 /* Build configuration list for PBXNativeTarget "TEST_RotateUITests" */ = {
			isa = XCConfigurationList;
			buildConfigurations = (
				15EA292C1CD396C100C678B6 /* Debug */,
				15EA292D1CD396C100C678B6 /* Release */,
			);
			defaultConfigurationIsVisible = 0;
			defaultConfigurationName = Release;
		};
/* End XCConfigurationList section */
	};
	rootObject = 15EA28F01CD396C000C678B6 /* Project object */;
}
